
Microsoft Visual Studio Solution File, Format Version 12.00
# Visual Studio 15
VisualStudioVersion = 15.0.28307.168
MinimumVisualStudioVersion = 10.0.40219.1
Project("{FAE04EC0-301F-11D3-BF4B-00C04F79EFBC}") = "Auth", "Auth\Auth.csproj", "{F2DD2300-0AA3-47D3-9097-4D0BCDA9855D}"
EndProject
Global
	GlobalSection(SolutionConfigurationPlatforms) = preSolution
		Debug|Any CPU = Debug|Any CPU
		Release|Any CPU = Release|Any CPU
	EndGlobalSection
	GlobalSection(ProjectConfigurationPlatforms) = postSolution
		{F2DD2300-0AA3-47D3-9097-4D0BCDA9855D}.Debug|Any CPU.ActiveCfg = Debug|Any CPU
		{F2DD2300-0AA3-47D3-9097-4D0BCDA9855D}.Debug|Any CPU.Build.0 = Debug|Any CPU
		{F2DD2300-0AA3-47D3-9097-4D0BCDA9855D}.Release|Any CPU.ActiveCfg = Release|Any CPU
		{F2DD2300-0AA3-47D3-9097-4D0BCDA9855D}.Release|Any CPU.Build.0 = Release|Any CPU
	EndGlobalSection
	GlobalSection(SolutionProperties) = preSolution
		HideSolutionNode = FALSE
	EndGlobalSection
	GlobalSection(ExtensibilityGlobals) = postSolution
		SolutionGuid = {8FF1016A-7A22-49B0-BC1A-FE8BDAE65005}
	EndGlobalSection
EndGlobal
